// !$*UTF8*$!
{
	archiveVersion = 1;
	classes = {
	};
	objectVersion = 50;
	objects = {

/* Begin PBXBuildFile section */
		54852EC7218650370006A594 /* AppDelegate.swift in Sources */ = {isa = PBXBuildFile; fileRef = 54852EC6218650370006A594 /* AppDelegate.swift */; };
		54852ECC218650370006A594 /* Main.storyboard in Resources */ = {isa = PBXBuildFile; fileRef = 54852ECA218650370006A594 /* Main.storyboard */; };
		54852ECF218650370006A594 /* Water.xcdatamodeld in Sources */ = {isa = PBXBuildFile; fileRef = 54852ECD218650370006A594 /* Water.xcdatamodeld */; };
		54852ED12186503B0006A594 /* Assets.xcassets in Resources */ = {isa = PBXBuildFile; fileRef = 54852ED02186503B0006A594 /* Assets.xcassets */; };
		54852ED42186503B0006A594 /* LaunchScreen.storyboard in Resources */ = {isa = PBXBuildFile; fileRef = 54852ED22186503B0006A594 /* LaunchScreen.storyboard */; };
		54852EDC218650C60006A594 /* AllCategoryVC.swift in Sources */ = {isa = PBXBuildFile; fileRef = 54852EDB218650C60006A594 /* AllCategoryVC.swift */; };
		54852EE0218652750006A594 /* DataSource.swift in Sources */ = {isa = PBXBuildFile; fileRef = 54852EDF218652750006A594 /* DataSource.swift */; };
		54852EE2218720E50006A594 /* ProductVC.swift in Sources */ = {isa = PBXBuildFile; fileRef = 54852EE1218720E50006A594 /* ProductVC.swift */; };
		54852EE4218761990006A594 /* BuyItProductVC.swift in Sources */ = {isa = PBXBuildFile; fileRef = 54852EE3218761990006A594 /* BuyItProductVC.swift */; };
		54852EE62187A3D30006A594 /* AllAdresessVC.swift in Sources */ = {isa = PBXBuildFile; fileRef = 54852EE52187A3D30006A594 /* AllAdresessVC.swift */; };
		548E8591218A6975001E8744 /* ViewController.swift in Sources */ = {isa = PBXBuildFile; fileRef = 548E8590218A6974001E8744 /* ViewController.swift */; };
		548E8593218B936A001E8744 /* default.gpx.gpx in Resources */ = {isa = PBXBuildFile; fileRef = 548E8592218B936A001E8744 /* default.gpx.gpx */; };
		548E8595218BB247001E8744 /* Notification.swift in Sources */ = {isa = PBXBuildFile; fileRef = 548E8594218BB247001E8744 /* Notification.swift */; };
		C8C863DF04EF312B0E69573A /* Pods_Water.framework in Frameworks */ = {isa = PBXBuildFile; fileRef = 46AD25071BA8C652C5252313 /* Pods_Water.framework */; };
/* End PBXBuildFile section */

/* Begin PBXFileReference section */
		46AD25071BA8C652C5252313 /* Pods_Water.framework */ = {isa = PBXFileReference; explicitFileType = wrapper.framework; includeInIndex = 0; path = Pods_Water.framework; sourceTree = BUILT_PRODUCTS_DIR; };
		54852EC3218650370006A594 /* Water.app */ = {isa = PBXFileReference; explicitFileType = wrapper.application; includeInIndex = 0; path = Water.app; sourceTree = BUILT_PRODUCTS_DIR; };
		54852EC6218650370006A594 /* AppDelegate.swift */ = {isa = PBXFileReference; lastKnownFileType = sourcecode.swift; path = AppDelegate.swift; sourceTree = "<group>"; };
		54852ECB218650370006A594 /* Base */ = {isa = PBXFileReference; lastKnownFileType = file.storyboard; name = Base; path = Base.lproj/Main.storyboard; sourceTree = "<group>"; };
		54852ECE218650370006A594 /* Water.xcdatamodel */ = {isa = PBXFileReference; lastKnownFileType = wrapper.xcdatamodel; path = Water.xcdatamodel; sourceTree = "<group>"; };
		54852ED02186503B0006A594 /* Assets.xcassets */ = {isa = PBXFileReference; lastKnownFileType = folder.assetcatalog; path = Assets.xcassets; sourceTree = "<group>"; };
		54852ED32186503B0006A594 /* Base */ = {isa = PBXFileReference; lastKnownFileType = file.storyboard; name = Base; path = Base.lproj/LaunchScreen.storyboard; sourceTree = "<group>"; };
		54852ED52186503B0006A594 /* Info.plist */ = {isa = PBXFileReference; lastKnownFileType = text.plist.xml; path = Info.plist; sourceTree = "<group>"; };
		54852EDB218650C60006A594 /* AllCategoryVC.swift */ = {isa = PBXFileReference; lastKnownFileType = sourcecode.swift; path = AllCategoryVC.swift; sourceTree = "<group>"; };
		54852EDF218652750006A594 /* DataSource.swift */ = {isa = PBXFileReference; lastKnownFileType = sourcecode.swift; path = DataSource.swift; sourceTree = "<group>"; };
		54852EE1218720E50006A594 /* ProductVC.swift */ = {isa = PBXFileReference; lastKnownFileType = sourcecode.swift; path = ProductVC.swift; sourceTree = "<group>"; };
		54852EE3218761990006A594 /* BuyItProductVC.swift */ = {isa = PBXFileReference; lastKnownFileType = sourcecode.swift; path = BuyItProductVC.swift; sourceTree = "<group>"; };
		54852EE52187A3D30006A594 /* AllAdresessVC.swift */ = {isa = PBXFileReference; lastKnownFileType = sourcecode.swift; path = AllAdresessVC.swift; sourceTree = "<group>"; };
		548E858F218A55F7001E8744 /* Water.entitlements */ = {isa = PBXFileReference; lastKnownFileType = text.plist.entitlements; path = Water.entitlements; sourceTree = "<group>"; };
		548E8590218A6974001E8744 /* ViewController.swift */ = {isa = PBXFileReference; lastKnownFileType = sourcecode.swift; path = ViewController.swift; sourceTree = "<group>"; };
		548E8592218B936A001E8744 /* default.gpx.gpx */ = {isa = PBXFileReference; fileEncoding = 4; lastKnownFileType = text.xml; path = default.gpx.gpx; sourceTree = "<group>"; };
		548E8594218BB247001E8744 /* Notification.swift */ = {isa = PBXFileReference; lastKnownFileType = sourcecode.swift; path = Notification.swift; sourceTree = "<group>"; };
		A2A094E833E8C76407828CF5 /* Pods-Water.debug.xcconfig */ = {isa = PBXFileReference; includeInIndex = 1; lastKnownFileType = text.xcconfig; name = "Pods-Water.debug.xcconfig"; path = "Pods/Target Support Files/Pods-Water/Pods-Water.debug.xcconfig"; sourceTree = "<group>"; };
		F5ED08C53AA986AAA9F6B47F /* Pods-Water.release.xcconfig */ = {isa = PBXFileReference; includeInIndex = 1; lastKnownFileType = text.xcconfig; name = "Pods-Water.release.xcconfig"; path = "Pods/Target Support Files/Pods-Water/Pods-Water.release.xcconfig"; sourceTree = "<group>"; };
/* End PBXFileReference section */

/* Begin PBXFrameworksBuildPhase section */
		54852EC0218650370006A594 /* Frameworks */ = {
			isa = PBXFrameworksBuildPhase;
			buildActionMask = 2147483647;
			files = (
				C8C863DF04EF312B0E69573A /* Pods_Water.framework in Frameworks */,
			);
			runOnlyForDeploymentPostprocessing = 0;
		};
/* End PBXFrameworksBuildPhase section */

/* Begin PBXGroup section */
		54852EBA218650370006A594 = {
			isa = PBXGroup;
			children = (
				548E8592218B936A001E8744 /* default.gpx.gpx */,
				54852EC5218650370006A594 /* Water */,
				54852EC4218650370006A594 /* Products */,
				9276BBE72310BEDA6314A56C /* Pods */,
				66C91D00529B4FBD98769FE0 /* Frameworks */,
			);
			sourceTree = "<group>";
		};
		54852EC4218650370006A594 /* Products */ = {
			isa = PBXGroup;
			children = (
				54852EC3218650370006A594 /* Water.app */,
			);
			name = Products;
			sourceTree = "<group>";
		};
		54852EC5218650370006A594 /* Water */ = {
			isa = PBXGroup;
			children = (
				548E858F218A55F7001E8744 /* Water.entitlements */,
				54852EDE2186525D0006A594 /* Process */,
				54852EDD218652540006A594 /* VC */,
				54852EC6218650370006A594 /* AppDelegate.swift */,
				54852ECA218650370006A594 /* Main.storyboard */,
				548E8590218A6974001E8744 /* ViewController.swift */,
				54852ED02186503B0006A594 /* Assets.xcassets */,
				54852ED22186503B0006A594 /* LaunchScreen.storyboard */,
				54852ED52186503B0006A594 /* Info.plist */,
				54852ECD218650370006A594 /* Water.xcdatamodeld */,
			);
			path = Water;
			sourceTree = "<group>";
		};
		54852EDD218652540006A594 /* VC */ = {
			isa = PBXGroup;
			children = (
				54852EDB218650C60006A594 /* AllCategoryVC.swift */,
				54852EE1218720E50006A594 /* ProductVC.swift */,
				54852EE3218761990006A594 /* BuyItProductVC.swift */,
				54852EE52187A3D30006A594 /* AllAdresessVC.swift */,
			);
			path = VC;
			sourceTree = "<group>";
		};
		54852EDE2186525D0006A594 /* Process */ = {
			isa = PBXGroup;
			children = (
				54852EDF218652750006A594 /* DataSource.swift */,
				548E8594218BB247001E8744 /* Notification.swift */,
			);
			path = Process;
			sourceTree = "<group>";
		};
		66C91D00529B4FBD98769FE0 /* Frameworks */ = {
			isa = PBXGroup;
			children = (
				46AD25071BA8C652C5252313 /* Pods_Water.framework */,
			);
			name = Frameworks;
			sourceTree = "<group>";
		};
		9276BBE72310BEDA6314A56C /* Pods */ = {
			isa = PBXGroup;
			children = (
				A2A094E833E8C76407828CF5 /* Pods-Water.debug.xcconfig */,
				F5ED08C53AA986AAA9F6B47F /* Pods-Water.release.xcconfig */,
			);
			name = Pods;
			sourceTree = "<group>";
		};
/* End PBXGroup section */

/* Begin PBXNativeTarget section */
		54852EC2218650370006A594 /* Water */ = {
			isa = PBXNativeTarget;
			buildConfigurationList = 54852ED82186503B0006A594 /* Build configuration list for PBXNativeTarget "Water" */;
			buildPhases = (
				0D36D970F7D11D6AB8997E0E /* [CP] Check Pods Manifest.lock */,
				54852EBF218650370006A594 /* Sources */,
				54852EC0218650370006A594 /* Frameworks */,
				54852EC1218650370006A594 /* Resources */,
				12DFC3EEFD43E6D19892F466 /* [CP] Embed Pods Frameworks */,
			);
			buildRules = (
			);
			dependencies = (
			);
			name = Water;
			productName = Water;
			productReference = 54852EC3218650370006A594 /* Water.app */;
			productType = "com.apple.product-type.application";
		};
/* End PBXNativeTarget section */

/* Begin PBXProject section */
		54852EBB218650370006A594 /* Project object */ = {
			isa = PBXProject;
			attributes = {
				LastSwiftUpdateCheck = 1000;
				LastUpgradeCheck = 1000;
				ORGANIZATIONNAME = "Юрий Макаров";
				TargetAttributes = {
					54852EC2218650370006A594 = {
						CreatedOnToolsVersion = 10.0;
						SystemCapabilities = {
							com.apple.BackgroundModes = {
								enabled = 1;
							};
							com.apple.Push = {
								enabled = 1;
							};
						};
					};
				};
			};
			buildConfigurationList = 54852EBE218650370006A594 /* Build configuration list for PBXProject "Water" */;
			compatibilityVersion = "Xcode 9.3";
			developmentRegion = en;
			hasScannedForEncodings = 0;
			knownRegions = (
				en,
				Base,
			);
			mainGroup = 54852EBA218650370006A594;
			productRefGroup = 54852EC4218650370006A594 /* Products */;
			projectDirPath = "";
			projectRoot = "";
			targets = (
				54852EC2218650370006A594 /* Water */,
			);
		};
/* End PBXProject section */

/* Begin PBXResourcesBuildPhase section */
		54852EC1218650370006A594 /* Resources */ = {
			isa = PBXResourcesBuildPhase;
			buildActionMask = 2147483647;
			files = (
				54852ED42186503B0006A594 /* LaunchScreen.storyboard in Resources */,
				54852ED12186503B0006A594 /* Assets.xcassets in Resources */,
				548E8593218B936A001E8744 /* default.gpx.gpx in Resources */,
				54852ECC218650370006A594 /* Main.storyboard in Resources */,
			);
			runOnlyForDeploymentPostprocessing = 0;
		};
/* End PBXResourcesBuildPhase section */

/* Begin PBXShellScriptBuildPhase section */
		0D36D970F7D11D6AB8997E0E /* [CP] Check Pods Manifest.lock */ = {
			isa = PBXShellScriptBuildPhase;
			buildActionMask = 2147483647;
			files = (
			);
			inputPaths = (
				"${PODS_PODFILE_DIR_PATH}/Podfile.lock",
				"${PODS_ROOT}/Manifest.lock",
			);
			name = "[CP] Check Pods Manifest.lock";
			outputPaths = (
				"$(DERIVED_FILE_DIR)/Pods-Water-checkManifestLockResult.txt",
			);
			runOnlyForDeploymentPostprocessing = 0;
			shellPath = /bin/sh;
			shellScript = "diff \"${PODS_PODFILE_DIR_PATH}/Podfile.lock\" \"${PODS_ROOT}/Manifest.lock\" > /dev/null\nif [ $? != 0 ] ; then\n    # print error to STDERR\n    echo \"error: The sandbox is not in sync with the Podfile.lock. Run 'pod install' or update your CocoaPods installation.\" >&2\n    exit 1\nfi\n# This output is used by Xcode 'outputs' to avoid re-running this script phase.\necho \"SUCCESS\" > \"${SCRIPT_OUTPUT_FILE_0}\"\n";
			showEnvVarsInLog = 0;
		};
		12DFC3EEFD43E6D19892F466 /* [CP] Embed Pods Frameworks */ = {
			isa = PBXShellScriptBuildPhase;
			buildActionMask = 2147483647;
			files = (
			);
			inputPaths = (
				"${SRCROOT}/Pods/Target Support Files/Pods-Water/Pods-Water-frameworks.sh",
				"${BUILT_PRODUCTS_DIR}/Alamofire/Alamofire.framework",
			);
			name = "[CP] Embed Pods Frameworks";
			outputPaths = (
				"${TARGET_BUILD_DIR}/${FRAMEWORKS_FOLDER_PATH}/Alamofire.framework",
			);
			runOnlyForDeploymentPostprocessing = 0;
			shellPath = /bin/sh;
			shellScript = "\"${SRCROOT}/Pods/Target Support Files/Pods-Water/Pods-Water-frameworks.sh\"\n";
			showEnvVarsInLog = 0;
		};
/* End PBXShellScriptBuildPhase section */

/* Begin PBXSourcesBuildPhase section */
		54852EBF218650370006A594 /* Sources */ = {
			isa = PBXSourcesBuildPhase;
			buildActionMask = 2147483647;
			files = (
				54852EC7218650370006A594 /* AppDelegate.swift in Sources */,
				54852ECF218650370006A594 /* Water.xcdatamodeld in Sources */,
				548E8595218BB247001E8744 /* Notification.swift in Sources */,
				54852EE0218652750006A594 /* DataSource.swift in Sources */,
				54852EE2218720E50006A594 /* ProductVC.swift in Sources */,
				54852EE4218761990006A594 /* BuyItProductVC.swift in Sources */,
				54852EE62187A3D30006A594 /* AllAdresessVC.swift in Sources */,
				548E8591218A6975001E8744 /* ViewController.swift in Sources */,
				54852EDC218650C60006A594 /* AllCategoryVC.swift in Sources */,
			);
			runOnlyForDeploymentPostprocessing = 0;
		};
/* End PBXSourcesBuildPhase section */

/* Begin PBXVariantGroup section */
		54852ECA218650370006A594 /* Main.storyboard */ = {
			isa = PBXVariantGroup;
			children = (
				54852ECB218650370006A594 /* Base */,
			);
			name = Main.storyboard;
			sourceTree = "<group>";
		};
		54852ED22186503B0006A594 /* LaunchScreen.storyboard */ = {
			isa = PBXVariantGroup;
			children = (
				54852ED32186503B0006A594 /* Base */,
			);
			name = LaunchScreen.storyboard;
			sourceTree = "<group>";
		};
/* End PBXVariantGroup section */

/* Begin XCBuildConfiguration section */
		54852ED62186503B0006A594 /* Debug */ = {
			isa = XCBuildConfiguration;
			buildSettings = {
				ALWAYS_SEARCH_USER_PATHS = NO;
				CLANG_ANALYZER_NONNULL = YES;
				CLANG_ANALYZER_NUMBER_OBJECT_CONVERSION = YES_AGGRESSIVE;
				CLANG_CXX_LANGUAGE_STANDARD = "gnu++14";
				CLANG_CXX_LIBRARY = "libc++";
				CLANG_ENABLE_MODULES = YES;
				CLANG_ENABLE_OBJC_ARC = YES;
				CLANG_ENABLE_OBJC_WEAK = YES;
				CLANG_WARN_BLOCK_CAPTURE_AUTORELEASING = YES;
				CLANG_WARN_BOOL_CONVERSION = YES;
				CLANG_WARN_COMMA = YES;
				CLANG_WARN_CONSTANT_CONVERSION = YES;
				CLANG_WARN_DEPRECATED_OBJC_IMPLEMENTATIONS = YES;
				CLANG_WARN_DIRECT_OBJC_ISA_USAGE = YES_ERROR;
				CLANG_WARN_DOCUMENTATION_COMMENTS = YES;
				CLANG_WARN_EMPTY_BODY = YES;
				CLANG_WARN_ENUM_CONVERSION = YES;
				CLANG_WARN_INFINITE_RECURSION = YES;
				CLANG_WARN_INT_CONVERSION = YES;
				CLANG_WARN_NON_LITERAL_NULL_CONVERSION = YES;
				CLANG_WARN_OBJC_IMPLICIT_RETAIN_SELF = YES;
				CLANG_WARN_OBJC_LITERAL_CONVERSION = YES;
				CLANG_WARN_OBJC_ROOT_CLASS = YES_ERROR;
				CLANG_WARN_RANGE_LOOP_ANALYSIS = YES;
				CLANG_WARN_STRICT_PROTOTYPES = YES;
				CLANG_WARN_SUSPICIOUS_MOVE = YES;
				CLANG_WARN_UNGUARDED_AVAILABILITY = YES_AGGRESSIVE;
				CLANG_WARN_UNREACHABLE_CODE = YES;
				CLANG_WARN__DUPLICATE_METHOD_MATCH = YES;
				CODE_SIGN_IDENTITY = "iPhone Developer";
				COPY_PHASE_STRIP = NO;
				DEBUG_INFORMATION_FORMAT = dwarf;
				ENABLE_STRICT_OBJC_MSGSEND = YES;
				ENABLE_TESTABILITY = YES;
				GCC_C_LANGUAGE_STANDARD = gnu11;
				GCC_DYNAMIC_NO_PIC = NO;
				GCC_NO_COMMON_BLOCKS = YES;
				GCC_OPTIMIZATION_LEVEL = 0;
				GCC_PREPROCESSOR_DEFINITIONS = (
					"DEBUG=1",
					"$(inherited)",
				);
				GCC_WARN_64_TO_32_BIT_CONVERSION = YES;
				GCC_WARN_ABOUT_RETURN_TYPE = YES_ERROR;
				GCC_WARN_UNDECLARED_SELECTOR = YES;
				GCC_WARN_UNINITIALIZED_AUTOS = YES_AGGRESSIVE;
				GCC_WARN_UNUSED_FUNCTION = YES;
				GCC_WARN_UNUSED_VARIABLE = YES;
				IPHONEOS_DEPLOYMENT_TARGET = 12.0;
				MTL_ENABLE_DEBUG_INFO = INCLUDE_SOURCE;
				MTL_FAST_MATH = YES;
				ONLY_ACTIVE_ARCH = YES;
				SDKROOT = iphoneos;
				SWIFT_ACTIVE_COMPILATION_CONDITIONS = DEBUG;
				SWIFT_OPTIMIZATION_LEVEL = "-Onone";
			};
			name = Debug;
		};
		54852ED72186503B0006A594 /* Release */ = {
			isa = XCBuildConfiguration;
			buildSettings = {
				ALWAYS_SEARCH_USER_PATHS = NO;
				CLANG_ANALYZER_NONNULL = YES;
				CLANG_ANALYZER_NUMBER_OBJECT_CONVERSION = YES_AGGRESSIVE;
				CLANG_CXX_LANGUAGE_STANDARD = "gnu++14";
				CLANG_CXX_LIBRARY = "libc++";
				CLANG_ENABLE_MODULES = YES;
				CLANG_ENABLE_OBJC_ARC = YES;
				CLANG_ENABLE_OBJC_WEAK = YES;
				CLANG_WARN_BLOCK_CAPTURE_AUTORELEASING = YES;
				CLANG_WARN_BOOL_CONVERSION = YES;
				CLANG_WARN_COMMA = YES;
				CLANG_WARN_CONSTANT_CONVERSION = YES;
				CLANG_WARN_DEPRECATED_OBJC_IMPLEMENTATIONS = YES;
				CLANG_WARN_DIRECT_OBJC_ISA_USAGE = YES_ERROR;
				CLANG_WARN_DOCUMENTATION_COMMENTS = YES;
				CLANG_WARN_EMPTY_BODY = YES;
				CLANG_WARN_ENUM_CONVERSION = YES;
				CLANG_WARN_INFINITE_RECURSION = YES;
				CLANG_WARN_INT_CONVERSION = YES;
				CLANG_WARN_NON_LITERAL_NULL_CONVERSION = YES;
				CLANG_WARN_OBJC_IMPLICIT_RETAIN_SELF = YES;
				CLANG_WARN_OBJC_LITERAL_CONVERSION = YES;
				CLANG_WARN_OBJC_ROOT_CLASS = YES_ERROR;
				CLANG_WARN_RANGE_LOOP_ANALYSIS = YES;
				CLANG_WARN_STRICT_PROTOTYPES = YES;
				CLANG_WARN_SUSPICIOUS_MOVE = YES;
				CLANG_WARN_UNGUARDED_AVAILABILITY = YES_AGGRESSIVE;
				CLANG_WARN_UNREACHABLE_CODE = YES;
				CLANG_WARN__DUPLICATE_METHOD_MATCH = YES;
				CODE_SIGN_IDENTITY = "iPhone Developer";
				COPY_PHASE_STRIP = NO;
				DEBUG_INFORMATION_FORMAT = "dwarf-with-dsym";
				ENABLE_NS_ASSERTIONS = NO;
				ENABLE_STRICT_OBJC_MSGSEND = YES;
				GCC_C_LANGUAGE_STANDARD = gnu11;
				GCC_NO_COMMON_BLOCKS = YES;
				GCC_WARN_64_TO_32_BIT_CONVERSION = YES;
				GCC_WARN_ABOUT_RETURN_TYPE = YES_ERROR;
				GCC_WARN_UNDECLARED_SELECTOR = YES;
				GCC_WARN_UNINITIALIZED_AUTOS = YES_AGGRESSIVE;
				GCC_WARN_UNUSED_FUNCTION = YES;
				GCC_WARN_UNUSED_VARIABLE = YES;
				IPHONEOS_DEPLOYMENT_TARGET = 12.0;
				MTL_ENABLE_DEBUG_INFO = NO;
				MTL_FAST_MATH = YES;
				SDKROOT = iphoneos;
				SWIFT_COMPILATION_MODE = wholemodule;
				SWIFT_OPTIMIZATION_LEVEL = "-O";
				VALIDATE_PRODUCT = YES;
			};
			name = Release;
		};
		54852ED92186503B0006A594 /* Debug */ = {
			isa = XCBuildConfiguration;
			baseConfigurationReference = A2A094E833E8C76407828CF5 /* Pods-Water.debug.xcconfig */;
			buildSettings = {
				ASSETCATALOG_COMPILER_APPICON_NAME = AppIcon;
				CODE_SIGN_ENTITLEMENTS = Water/Water.entitlements;
				CODE_SIGN_IDENTITY = "iPhone Developer";
				CODE_SIGN_STYLE = Automatic;
				DEVELOPMENT_TEAM = 44YJQTRYW4;
				INFOPLIST_FILE = Water/Info.plist;
				LD_RUNPATH_SEARCH_PATHS = (
					"$(inherited)",
					"@executable_path/Frameworks",
				);
				PRODUCT_BUNDLE_IDENTIFIER = com.waterWorld;
				PRODUCT_NAME = "$(TARGET_NAME)";
				PROVISIONING_PROFILE_SPECIFIER = "";
				SWIFT_VERSION = 4.2;
				TARGETED_DEVICE_FAMILY = "1,2";
			};
			name = Debug;
		};
		54852EDA2186503B0006A594 /* Release */ = {
			isa = XCBuildConfiguration;
			baseConfigurationReference = F5ED08C53AA986AAA9F6B47F /* Pods-Water.release.xcconfig */;
			buildSettings = {
				ASSETCATALOG_COMPILER_APPICON_NAME = AppIcon;
				CODE_SIGN_ENTITLEMENTS = Water/Water.entitlements;
				CODE_SIGN_IDENTITY = "iPhone Developer";
				CODE_SIGN_STYLE = Automatic;
				DEVELOPMENT_TEAM = 44YJQTRYW4;
				INFOPLIST_FILE = Water/Info.plist;
				LD_RUNPATH_SEARCH_PATHS = (
					"$(inherited)",
					"@executable_path/Frameworks",
				);
				PRODUCT_BUNDLE_IDENTIFIER = com.waterWorld;
				PRODUCT_NAME = "$(TARGET_NAME)";
				PROVISIONING_PROFILE_SPECIFIER = "";
				SWIFT_VERSION = 4.2;
				TARGETED_DEVICE_FAMILY = "1,2";
			};
			name = Release;
		};
/* End XCBuildConfiguration section */

/* Begin XCConfigurationList section */
		54852EBE218650370006A594 /* Build configuration list for PBXProject "Water" */ = {
			isa = XCConfigurationList;
			buildConfigurations = (
				54852ED62186503B0006A594 /* Debug */,
				54852ED72186503B0006A594 /* Release */,
			);
			defaultConfigurationIsVisible = 0;
			defaultConfigurationName = Release;
		};
		54852ED82186503B0006A594 /* Build configuration list for PBXNativeTarget "Water" */ = {
			isa = XCConfigurationList;
			buildConfigurations = (
				54852ED92186503B0006A594 /* Debug */,
				54852EDA2186503B0006A594 /* Release */,
			);
			defaultConfigurationIsVisible = 0;
			defaultConfigurationName = Release;
		};
/* End XCConfigurationList section */

/* Begin XCVersionGroup section */
		54852ECD218650370006A594 /* Water.xcdatamodeld */ = {
			isa = XCVersionGroup;
			children = (
				54852ECE218650370006A594 /* Water.xcdatamodel */,
			);
			currentVersion = 54852ECE218650370006A594 /* Water.xcdatamodel */;
			path = Water.xcdatamodeld;
			sourceTree = "<group>";
			versionGroupType = wrapper.xcdatamodel;
		};
/* End XCVersionGroup section */
	};
	rootObject = 54852EBB218650370006A594 /* Project object */;
}
